// !$*UTF8*$!
{
	archiveVersion = 1;
	classes = {
	};
	objectVersion = 46;
	objects = {

/* Begin PBXBuildFile section */
		4CF1498A19B417130075A181 /* AppDelegate.swift in Sources */ = {isa = PBXBuildFile; fileRef = 4CF1498919B417130075A181 /* AppDelegate.swift */; };
		4CF1498C19B417130075A181 /* ExampleListViewController.swift in Sources */ = {isa = PBXBuildFile; fileRef = 4CF1498B19B417130075A181 /* ExampleListViewController.swift */; };
		4CF1499119B417130075A181 /* Images.xcassets in Resources */ = {isa = PBXBuildFile; fileRef = 4CF1499019B417130075A181 /* Images.xcassets */; };
		8765EDDDB08F4CE4A4391126 /* libPods-Swift-Masonry.a in Frameworks */ = {isa = PBXBuildFile; fileRef = F55431184E0D493BAAAD5128 /* libPods-Swift-Masonry.a */; };
/* End PBXBuildFile section */

/* Begin PBXFileReference section */
		4CF1498419B417130075A181 /* Swift-Masonry.app */ = {isa = PBXFileReference; explicitFileType = wrapper.application; includeInIndex = 0; path = "Swift-Masonry.app"; sourceTree = BUILT_PRODUCTS_DIR; };
		4CF1498819B417130075A181 /* Info.plist */ = {isa = PBXFileReference; lastKnownFileType = text.plist.xml; path = Info.plist; sourceTree = "<group>"; };
		4CF1498919B417130075A181 /* AppDelegate.swift */ = {isa = PBXFileReference; lastKnownFileType = sourcecode.swift; path = AppDelegate.swift; sourceTree = "<group>"; };
		4CF1498B19B417130075A181 /* ExampleListViewController.swift */ = {isa = PBXFileReference; lastKnownFileType = sourcecode.swift; path = ExampleListViewController.swift; sourceTree = "<group>"; };
		4CF1499019B417130075A181 /* Images.xcassets */ = {isa = PBXFileReference; lastKnownFileType = folder.assetcatalog; path = Images.xcassets; sourceTree = "<group>"; };
		E91D70E9DC664080AD8A939A /* Pods-Swift-Masonry.xcconfig */ = {isa = PBXFileReference; includeInIndex = 1; lastKnownFileType = text.xcconfig; name = "Pods-Swift-Masonry.xcconfig"; path = "Pods/Pods-Swift-Masonry.xcconfig"; sourceTree = "<group>"; };
		F55431184E0D493BAAAD5128 /* libPods-Swift-Masonry.a */ = {isa = PBXFileReference; explicitFileType = archive.ar; includeInIndex = 0; path = "libPods-Swift-Masonry.a"; sourceTree = BUILT_PRODUCTS_DIR; };
/* End PBXFileReference section */

/* Begin PBXFrameworksBuildPhase section */
		4CF1498119B417130075A181 /* Frameworks */ = {
			isa = PBXFrameworksBuildPhase;
			buildActionMask = 2147483647;
			files = (
				8765EDDDB08F4CE4A4391126 /* libPods-Swift-Masonry.a in Frameworks */,
			);
			runOnlyForDeploymentPostprocessing = 0;
		};
/* End PBXFrameworksBuildPhase section */

/* Begin PBXGroup section */
		4CF1497B19B417130075A181 = {
			isa = PBXGroup;
			children = (
				4CF1498619B417130075A181 /* Swift-Masonry */,
				4CF1498519B417130075A181 /* Products */,
				E91D70E9DC664080AD8A939A /* Pods-Swift-Masonry.xcconfig */,
				606FEAFA4C19415B85869435 /* Frameworks */,
			);
			sourceTree = "<group>";
		};
		4CF1498519B417130075A181 /* Products */ = {
			isa = PBXGroup;
			children = (
				4CF1498419B417130075A181 /* Swift-Masonry.app */,
			);
			name = Products;
			sourceTree = "<group>";
		};
		4CF1498619B417130075A181 /* Swift-Masonry */ = {
			isa = PBXGroup;
			children = (
				4CF149A719B417890075A181 /* App Delegate */,
				4CF149A619B417830075A181 /* View Controllers */,
				4CF1498719B417130075A181 /* Supporting Files */,
			);
			path = "Swift-Masonry";
			sourceTree = "<group>";
		};
		4CF1498719B417130075A181 /* Supporting Files */ = {
			isa = PBXGroup;
			children = (
				4CF1499019B417130075A181 /* Images.xcassets */,
				4CF1498819B417130075A181 /* Info.plist */,
			);
			name = "Supporting Files";
			sourceTree = "<group>";
		};
		4CF149A619B417830075A181 /* View Controllers */ = {
			isa = PBXGroup;
			children = (
				4CF1498B19B417130075A181 /* ExampleListViewController.swift */,
			);
			name = "View Controllers";
			sourceTree = "<group>";
		};
		4CF149A719B417890075A181 /* App Delegate */ = {
			isa = PBXGroup;
			children = (
				4CF1498919B417130075A181 /* AppDelegate.swift */,
			);
			name = "App Delegate";
			sourceTree = "<group>";
		};
		606FEAFA4C19415B85869435 /* Frameworks */ = {
			isa = PBXGroup;
			children = (
				F55431184E0D493BAAAD5128 /* libPods-Swift-Masonry.a */,
			);
			name = Frameworks;
			sourceTree = "<group>";
		};
/* End PBXGroup section */

/* Begin PBXNativeTarget section */
		4CF1498319B417130075A181 /* Swift-Masonry */ = {
			isa = PBXNativeTarget;
			buildConfigurationList = 4CF149A019B417130075A181 /* Build configuration list for PBXNativeTarget "Swift-Masonry" */;
			buildPhases = (
				53185B6F758A4CCE8BB2930D /* Check Pods Manifest.lock */,
				4CF1498019B417130075A181 /* Sources */,
				4CF1498119B417130075A181 /* Frameworks */,
				4CF1498219B417130075A181 /* Resources */,
				AB659202CC5B4D6B9633639A /* Copy Pods Resources */,
			);
			buildRules = (
			);
			dependencies = (
			);
			name = "Swift-Masonry";
			productName = "Swift-Masonry";
			productReference = 4CF1498419B417130075A181 /* Swift-Masonry.app */;
			productType = "com.apple.product-type.application";
		};
/* End PBXNativeTarget section */

/* Begin PBXProject section */
		4CF1497C19B417130075A181 /* Project object */ = {
			isa = PBXProject;
			attributes = {
				LastUpgradeCheck = 0600;
				ORGANIZATIONNAME = Noondev;
				TargetAttributes = {
					4CF1498319B417130075A181 = {
						CreatedOnToolsVersion = 6.0;
					};
				};
			};
			buildConfigurationList = 4CF1497F19B417130075A181 /* Build configuration list for PBXProject "Swift-Masonry" */;
			compatibilityVersion = "Xcode 3.2";
			developmentRegion = English;
			hasScannedForEncodings = 0;
			knownRegions = (
				en,
				Base,
			);
			mainGroup = 4CF1497B19B417130075A181;
			productRefGroup = 4CF1498519B417130075A181 /* Products */;
			projectDirPath = "";
			projectRoot = "";
			targets = (
				4CF1498319B417130075A181 /* Swift-Masonry */,
			);
		};
/* End PBXProject section */

/* Begin PBXResourcesBuildPhase section */
		4CF1498219B417130075A181 /* Resources */ = {
			isa = PBXResourcesBuildPhase;
			buildActionMask = 2147483647;
			files = (
				4CF1499119B417130075A181 /* Images.xcassets in Resources */,
			);
			runOnlyForDeploymentPostprocessing = 0;
		};
/* End PBXResourcesBuildPhase section */

/* Begin PBXShellScriptBuildPhase section */
		53185B6F758A4CCE8BB2930D /* Check Pods Manifest.lock */ = {
			isa = PBXShellScriptBuildPhase;
			buildActionMask = 2147483647;
			files = (
			);
			inputPaths = (
			);
			name = "Check Pods Manifest.lock";
			outputPaths = (
			);
			runOnlyForDeploymentPostprocessing = 0;
			shellPath = /bin/sh;
			shellScript = "diff \"${PODS_ROOT}/../Podfile.lock\" \"${PODS_ROOT}/Manifest.lock\" > /dev/null\nif [[ $? != 0 ]] ; then\n    cat << EOM\nerror: The sandbox is not in sync with the Podfile.lock. Run 'pod install' or update your CocoaPods installation.\nEOM\n    exit 1\nfi\n";
			showEnvVarsInLog = 0;
		};
		AB659202CC5B4D6B9633639A /* Copy Pods Resources */ = {
			isa = PBXShellScriptBuildPhase;
			buildActionMask = 2147483647;
			files = (
			);
			inputPaths = (
			);
			name = "Copy Pods Resources";
			outputPaths = (
			);
			runOnlyForDeploymentPostprocessing = 0;
			shellPath = /bin/sh;
			shellScript = "\"${SRCROOT}/Pods/Pods-Swift-Masonry-resources.sh\"\n";
			showEnvVarsInLog = 0;
		};
/* End PBXShellScriptBuildPhase section */

/* Begin PBXSourcesBuildPhase section */
		4CF1498019B417130075A181 /* Sources */ = {
			isa = PBXSourcesBuildPhase;
			buildActionMask = 2147483647;
			files = (
				4CF1498C19B417130075A181 /* ExampleListViewController.swift in Sources */,
				4CF1498A19B417130075A181 /* AppDelegate.swift in Sources */,
			);
			runOnlyForDeploymentPostprocessing = 0;
		};
/* End PBXSourcesBuildPhase section */

/* Begin XCBuildConfiguration section */
		4CF1499E19B417130075A181 /* Debug */ = {
			isa = XCBuildConfiguration;
			buildSettings = {
				ALWAYS_SEARCH_USER_PATHS = NO;
				CLANG_CXX_LANGUAGE_STANDARD = "gnu++0x";
				CLANG_CXX_LIBRARY = "libc++";
				CLANG_ENABLE_MODULES = YES;
				CLANG_ENABLE_OBJC_ARC = YES;
				CLANG_WARN_BOOL_CONVERSION = YES;
				CLANG_WARN_CONSTANT_CONVERSION = YES;
				CLANG_WARN_DIRECT_OBJC_ISA_USAGE = YES_ERROR;
				CLANG_WARN_EMPTY_BODY = YES;
				CLANG_WARN_ENUM_CONVERSION = YES;
				CLANG_WARN_INT_CONVERSION = YES;
				CLANG_WARN_OBJC_ROOT_CLASS = YES_ERROR;
				CLANG_WARN_UNREACHABLE_CODE = YES;
				CLANG_WARN__DUPLICATE_METHOD_MATCH = YES;
				"CODE_SIGN_IDENTITY[sdk=iphoneos*]" = "iPhone Developer";
				COPY_PHASE_STRIP = NO;
				ENABLE_STRICT_OBJC_MSGSEND = YES;
				GCC_C_LANGUAGE_STANDARD = gnu99;
				GCC_DYNAMIC_NO_PIC = NO;
				GCC_OPTIMIZATION_LEVEL = 0;
				GCC_PREPROCESSOR_DEFINITIONS = (
					"DEBUG=1",
					"$(inherited)",
				);
				GCC_SYMBOLS_PRIVATE_EXTERN = NO;
				GCC_WARN_64_TO_32_BIT_CONVERSION = YES;
				GCC_WARN_ABOUT_RETURN_TYPE = YES_ERROR;
				GCC_WARN_UNDECLARED_SELECTOR = YES;
				GCC_WARN_UNINITIALIZED_AUTOS = YES_AGGRESSIVE;
				GCC_WARN_UNUSED_FUNCTION = YES;
				GCC_WARN_UNUSED_VARIABLE = YES;
				IPHONEOS_DEPLOYMENT_TARGET = 8.0;
				MTL_ENABLE_DEBUG_INFO = YES;
				ONLY_ACTIVE_ARCH = YES;
				SDKROOT = iphoneos;
				SWIFT_OPTIMIZATION_LEVEL = "-Onone";
			};
			name = Debug;
		};
		4CF1499F19B417130075A181 /* Release */ = {
			isa = XCBuildConfiguration;
			buildSettings = {
				ALWAYS_SEARCH_USER_PATHS = NO;
				CLANG_CXX_LANGUAGE_STANDARD = "gnu++0x";
				CLANG_CXX_LIBRARY = "libc++";
				CLANG_ENABLE_MODULES = YES;
				CLANG_ENABLE_OBJC_ARC = YES;
				CLANG_WARN_BOOL_CONVERSION = YES;
				CLANG_WARN_CONSTANT_CONVERSION = YES;
				CLANG_WARN_DIRECT_OBJC_ISA_USAGE = YES_ERROR;
				CLANG_WARN_EMPTY_BODY = YES;
				CLANG_WARN_ENUM_CONVERSION = YES;
				CLANG_WARN_INT_CONVERSION = YES;
				CLANG_WARN_OBJC_ROOT_CLASS = YES_ERROR;
				CLANG_WARN_UNREACHABLE_CODE = YES;
				CLANG_WARN__DUPLICATE_METHOD_MATCH = YES;
				"CODE_SIGN_IDENTITY[sdk=iphoneos*]" = "iPhone Developer";
				COPY_PHASE_STRIP = YES;
				ENABLE_NS_ASSERTIONS = NO;
				ENABLE_STRICT_OBJC_MSGSEND = YES;
				GCC_C_LANGUAGE_STANDARD = gnu99;
				GCC_WARN_64_TO_32_BIT_CONVERSION = YES;
				GCC_WARN_ABOUT_RETURN_TYPE = YES_ERROR;
				GCC_WARN_UNDECLARED_SELECTOR = YES;
				GCC_WARN_UNINITIALIZED_AUTOS = YES_AGGRESSIVE;
				GCC_WARN_UNUSED_FUNCTION = YES;
				GCC_WARN_UNUSED_VARIABLE = YES;
				IPHONEOS_DEPLOYMENT_TARGET = 8.0;
				MTL_ENABLE_DEBUG_INFO = NO;
				SDKROOT = iphoneos;
				VALIDATE_PRODUCT = YES;
			};
			name = Release;
		};
		4CF149A119B417130075A181 /* Debug */ = {
			isa = XCBuildConfiguration;
			baseConfigurationReference = E91D70E9DC664080AD8A939A /* Pods-Swift-Masonry.xcconfig */;
			buildSettings = {
				ASSETCATALOG_COMPILER_APPICON_NAME = AppIcon;
				ASSETCATALOG_COMPILER_LAUNCHIMAGE_NAME = LaunchImage;
				INFOPLIST_FILE = "Swift-Masonry/Info.plist";
				LD_RUNPATH_SEARCH_PATHS = "$(inherited) @executable_path/Frameworks";
				PRODUCT_NAME = "$(TARGET_NAME)";
			};
			name = Debug;
		};
		4CF149A219B417130075A181 /* Release */ = {
			isa = XCBuildConfiguration;
			baseConfigurationReference = E91D70E9DC664080AD8A939A /* Pods-Swift-Masonry.xcconfig */;
			buildSettings = {
				ASSETCATALOG_COMPILER_APPICON_NAME = AppIcon;
				ASSETCATALOG_COMPILER_LAUNCHIMAGE_NAME = LaunchImage;
				INFOPLIST_FILE = "Swift-Masonry/Info.plist";
				LD_RUNPATH_SEARCH_PATHS = "$(inherited) @executable_path/Frameworks";
				PRODUCT_NAME = "$(TARGET_NAME)";
			};
			name = Release;
		};
/* End XCBuildConfiguration section */

/* Begin XCConfigurationList section */
		4CF1497F19B417130075A181 /* Build configuration list for PBXProject "Swift-Masonry" */ = {
			isa = XCConfigurationList;
			buildConfigurations = (
				4CF1499E19B417130075A181 /* Debug */,
				4CF1499F19B417130075A181 /* Release */,
			);
			defaultConfigurationIsVisible = 0;
			defaultConfigurationName = Release;
		};
		4CF149A019B417130075A181 /* Build configuration list for PBXNativeTarget "Swift-Masonry" */ = {
			isa = XCConfigurationList;
			buildConfigurations = (
				4CF149A119B417130075A181 /* Debug */,
				4CF149A219B417130075A181 /* Release */,
			);
			defaultConfigurationIsVisible = 0;
			defaultConfigurationName = Release;
		};
/* End XCConfigurationList section */
	};
	rootObject = 4CF1497C19B417130075A181 /* Project object */;
}
